
Microsoft Visual Studio Solution File, Format Version 12.00
Project("{FAE04EC0-301F-11D3-BF4B-00C04F79EFBC}") = "LibraryWebApp", "LibraryWebApp.csproj", "{6DB04027-D338-4095-B62A-0FD8E2349B03}"
EndProject
Project("{2150E333-8FDC-42A3-9474-1A3956D46DE8}") = "Solution Items", "Solution Items", "{CB3B5D11-7EF5-4D17-AFC3-EE34693CFED2}"
	ProjectSection(SolutionItems) = preProject
		compose.yaml = compose.yaml
	EndProjectSection
EndProject
Global
	GlobalSection(SolutionConfigurationPlatforms) = preSolution
		Debug|Any CPU = Debug|Any CPU
		Release|Any CPU = Release|Any CPU
	EndGlobalSection
	GlobalSection(ProjectConfigurationPlatforms) = postSolution
		{6DB04027-D338-4095-B62A-0FD8E2349B03}.Debug|Any CPU.ActiveCfg = Debug|Any CPU
		{6DB04027-D338-4095-B62A-0FD8E2349B03}.Debug|Any CPU.Build.0 = Debug|Any CPU
		{6DB04027-D338-4095-B62A-0FD8E2349B03}.Release|Any CPU.ActiveCfg = Release|Any CPU
		{6DB04027-D338-4095-B62A-0FD8E2349B03}.Release|Any CPU.Build.0 = Release|Any CPU
	EndGlobalSection
EndGlobal
